// !$*UTF8*$!
{
	archiveVersion = 1;
	classes = {
	};
	objectVersion = 55;
	objects = {

/* Begin PBXBuildFile section */
		095F694C2854E5D300743A46 /* ReversiApp.swift in Sources */ = {isa = PBXBuildFile; fileRef = 095F694B2854E5D300743A46 /* ReversiApp.swift */; };
		095F694E2854E5D300743A46 /* ContentView.swift in Sources */ = {isa = PBXBuildFile; fileRef = 095F694D2854E5D300743A46 /* ContentView.swift */; };
		095F69502854E5D900743A46 /* Assets.xcassets in Resources */ = {isa = PBXBuildFile; fileRef = 095F694F2854E5D900743A46 /* Assets.xcassets */; };
		095F69532854E5D900743A46 /* Preview Assets.xcassets in Resources */ = {isa = PBXBuildFile; fileRef = 095F69522854E5D900743A46 /* Preview Assets.xcassets */; };
		095F695D2854E5D900743A46 /* ReversiTests.swift in Sources */ = {isa = PBXBuildFile; fileRef = 095F695C2854E5D900743A46 /* ReversiTests.swift */; };
		095F69672854E5D900743A46 /* ReversiUITests.swift in Sources */ = {isa = PBXBuildFile; fileRef = 095F69662854E5D900743A46 /* ReversiUITests.swift */; };
		095F69692854E5D900743A46 /* ReversiUITestsLaunchTests.swift in Sources */ = {isa = PBXBuildFile; fileRef = 095F69682854E5D900743A46 /* ReversiUITestsLaunchTests.swift */; };
		095F69802854F11100743A46 /* Game.swift in Sources */ = {isa = PBXBuildFile; fileRef = 095F697F2854F11100743A46 /* Game.swift */; };
		095F69822854F13300743A46 /* GameView.swift in Sources */ = {isa = PBXBuildFile; fileRef = 095F69812854F13300743A46 /* GameView.swift */; };
		095F69852854F37A00743A46 /* ComposableArchitecture in Frameworks */ = {isa = PBXBuildFile; productRef = 095F69842854F37A00743A46 /* ComposableArchitecture */; };
		095F698A2855118300743A46 /* SwiftyReversi in Frameworks */ = {isa = PBXBuildFile; productRef = 095F69892855118300743A46 /* SwiftyReversi */; };
		095F698D285DA71B00743A46 /* Setting.swift in Sources */ = {isa = PBXBuildFile; fileRef = 095F698C285DA71B00743A46 /* Setting.swift */; };
/* End PBXBuildFile section */

/* Begin PBXContainerItemProxy section */
		095F69592854E5D900743A46 /* PBXContainerItemProxy */ = {
			isa = PBXContainerItemProxy;
			containerPortal = 095F69402854E5D300743A46 /* Project object */;
			proxyType = 1;
			remoteGlobalIDString = 095F69472854E5D300743A46;
			remoteInfo = Reversi;
		};
		095F69632854E5D900743A46 /* PBXContainerItemProxy */ = {
			isa = PBXContainerItemProxy;
			containerPortal = 095F69402854E5D300743A46 /* Project object */;
			proxyType = 1;
			remoteGlobalIDString = 095F69472854E5D300743A46;
			remoteInfo = Reversi;
		};
/* End PBXContainerItemProxy section */

/* Begin PBXFileReference section */
		095F69482854E5D300743A46 /* Reversi.app */ = {isa = PBXFileReference; explicitFileType = wrapper.application; includeInIndex = 0; path = Reversi.app; sourceTree = BUILT_PRODUCTS_DIR; };
		095F694B2854E5D300743A46 /* ReversiApp.swift */ = {isa = PBXFileReference; lastKnownFileType = sourcecode.swift; path = ReversiApp.swift; sourceTree = "<group>"; };
		095F694D2854E5D300743A46 /* ContentView.swift */ = {isa = PBXFileReference; lastKnownFileType = sourcecode.swift; path = ContentView.swift; sourceTree = "<group>"; };
		095F694F2854E5D900743A46 /* Assets.xcassets */ = {isa = PBXFileReference; lastKnownFileType = folder.assetcatalog; path = Assets.xcassets; sourceTree = "<group>"; };
		095F69522854E5D900743A46 /* Preview Assets.xcassets */ = {isa = PBXFileReference; lastKnownFileType = folder.assetcatalog; path = "Preview Assets.xcassets"; sourceTree = "<group>"; };
		095F69582854E5D900743A46 /* ReversiTests.xctest */ = {isa = PBXFileReference; explicitFileType = wrapper.cfbundle; includeInIndex = 0; path = ReversiTests.xctest; sourceTree = BUILT_PRODUCTS_DIR; };
		095F695C2854E5D900743A46 /* ReversiTests.swift */ = {isa = PBXFileReference; lastKnownFileType = sourcecode.swift; path = ReversiTests.swift; sourceTree = "<group>"; };
		095F69622854E5D900743A46 /* ReversiUITests.xctest */ = {isa = PBXFileReference; explicitFileType = wrapper.cfbundle; includeInIndex = 0; path = ReversiUITests.xctest; sourceTree = BUILT_PRODUCTS_DIR; };
		095F69662854E5D900743A46 /* ReversiUITests.swift */ = {isa = PBXFileReference; lastKnownFileType = sourcecode.swift; path = ReversiUITests.swift; sourceTree = "<group>"; };
		095F69682854E5D900743A46 /* ReversiUITestsLaunchTests.swift */ = {isa = PBXFileReference; lastKnownFileType = sourcecode.swift; path = ReversiUITestsLaunchTests.swift; sourceTree = "<group>"; };
		095F697F2854F11100743A46 /* Game.swift */ = {isa = PBXFileReference; lastKnownFileType = sourcecode.swift; path = Game.swift; sourceTree = "<group>"; };
		095F69812854F13300743A46 /* GameView.swift */ = {isa = PBXFileReference; lastKnownFileType = sourcecode.swift; path = GameView.swift; sourceTree = "<group>"; };
		095F698C285DA71B00743A46 /* Setting.swift */ = {isa = PBXFileReference; lastKnownFileType = sourcecode.swift; path = Setting.swift; sourceTree = "<group>"; };
/* End PBXFileReference section */

/* Begin PBXFrameworksBuildPhase section */
		095F69452854E5D300743A46 /* Frameworks */ = {
			isa = PBXFrameworksBuildPhase;
			buildActionMask = 2147483647;
			files = (
				095F69852854F37A00743A46 /* ComposableArchitecture in Frameworks */,
				095F698A2855118300743A46 /* SwiftyReversi in Frameworks */,
			);
			runOnlyForDeploymentPostprocessing = 0;
		};
		095F69552854E5D900743A46 /* Frameworks */ = {
			isa = PBXFrameworksBuildPhase;
			buildActionMask = 2147483647;
			files = (
			);
			runOnlyForDeploymentPostprocessing = 0;
		};
		095F695F2854E5D900743A46 /* Frameworks */ = {
			isa = PBXFrameworksBuildPhase;
			buildActionMask = 2147483647;
			files = (
			);
			runOnlyForDeploymentPostprocessing = 0;
		};
/* End PBXFrameworksBuildPhase section */

/* Begin PBXGroup section */
		095F693F2854E5D200743A46 = {
			isa = PBXGroup;
			children = (
				095F694A2854E5D300743A46 /* Reversi */,
				095F695B2854E5D900743A46 /* ReversiTests */,
				095F69652854E5D900743A46 /* ReversiUITests */,
				095F69492854E5D300743A46 /* Products */,
			);
			sourceTree = "<group>";
		};
		095F69492854E5D300743A46 /* Products */ = {
			isa = PBXGroup;
			children = (
				095F69482854E5D300743A46 /* Reversi.app */,
				095F69582854E5D900743A46 /* ReversiTests.xctest */,
				095F69622854E5D900743A46 /* ReversiUITests.xctest */,
			);
			name = Products;
			sourceTree = "<group>";
		};
		095F694A2854E5D300743A46 /* Reversi */ = {
			isa = PBXGroup;
			children = (
				095F694B2854E5D300743A46 /* ReversiApp.swift */,
				095F694D2854E5D300743A46 /* ContentView.swift */,
				095F697E2854F0FB00743A46 /* Game */,
				095F694F2854E5D900743A46 /* Assets.xcassets */,
				095F69512854E5D900743A46 /* Preview Content */,
			);
			path = Reversi;
			sourceTree = "<group>";
		};
		095F69512854E5D900743A46 /* Preview Content */ = {
			isa = PBXGroup;
			children = (
				095F69522854E5D900743A46 /* Preview Assets.xcassets */,
			);
			path = "Preview Content";
			sourceTree = "<group>";
		};
		095F695B2854E5D900743A46 /* ReversiTests */ = {
			isa = PBXGroup;
			children = (
				095F695C2854E5D900743A46 /* ReversiTests.swift */,
			);
			path = ReversiTests;
			sourceTree = "<group>";
		};
		095F69652854E5D900743A46 /* ReversiUITests */ = {
			isa = PBXGroup;
			children = (
				095F69662854E5D900743A46 /* ReversiUITests.swift */,
				095F69682854E5D900743A46 /* ReversiUITestsLaunchTests.swift */,
			);
			path = ReversiUITests;
			sourceTree = "<group>";
		};
		095F697E2854F0FB00743A46 /* Game */ = {
			isa = PBXGroup;
			children = (
				095F698C285DA71B00743A46 /* Setting.swift */,
				095F697F2854F11100743A46 /* Game.swift */,
				095F69812854F13300743A46 /* GameView.swift */,
			);
			path = Game;
			sourceTree = "<group>";
		};
/* End PBXGroup section */

/* Begin PBXNativeTarget section */
		095F69472854E5D300743A46 /* Reversi */ = {
			isa = PBXNativeTarget;
			buildConfigurationList = 095F696C2854E5D900743A46 /* Build configuration list for PBXNativeTarget "Reversi" */;
			buildPhases = (
				095F69442854E5D300743A46 /* Sources */,
				095F69452854E5D300743A46 /* Frameworks */,
				095F69462854E5D300743A46 /* Resources */,
			);
			buildRules = (
			);
			dependencies = (
			);
			name = Reversi;
			packageProductDependencies = (
				095F69842854F37A00743A46 /* ComposableArchitecture */,
				095F69892855118300743A46 /* SwiftyReversi */,
			);
			productName = Reversi;
			productReference = 095F69482854E5D300743A46 /* Reversi.app */;
			productType = "com.apple.product-type.application";
		};
		095F69572854E5D900743A46 /* ReversiTests */ = {
			isa = PBXNativeTarget;
			buildConfigurationList = 095F696F2854E5D900743A46 /* Build configuration list for PBXNativeTarget "ReversiTests" */;
			buildPhases = (
				095F69542854E5D900743A46 /* Sources */,
				095F69552854E5D900743A46 /* Frameworks */,
				095F69562854E5D900743A46 /* Resources */,
			);
			buildRules = (
			);
			dependencies = (
				095F695A2854E5D900743A46 /* PBXTargetDependency */,
			);
			name = ReversiTests;
			productName = ReversiTests;
			productReference = 095F69582854E5D900743A46 /* ReversiTests.xctest */;
			productType = "com.apple.product-type.bundle.unit-test";
		};
		095F69612854E5D900743A46 /* ReversiUITests */ = {
			isa = PBXNativeTarget;
			buildConfigurationList = 095F69722854E5D900743A46 /* Build configuration list for PBXNativeTarget "ReversiUITests" */;
			buildPhases = (
				095F695E2854E5D900743A46 /* Sources */,
				095F695F2854E5D900743A46 /* Frameworks */,
				095F69602854E5D900743A46 /* Resources */,
			);
			buildRules = (
			);
			dependencies = (
				095F69642854E5D900743A46 /* PBXTargetDependency */,
			);
			name = ReversiUITests;
			productName = ReversiUITests;
			productReference = 095F69622854E5D900743A46 /* ReversiUITests.xctest */;
			productType = "com.apple.product-type.bundle.ui-testing";
		};
/* End PBXNativeTarget section */

/* Begin PBXProject section */
		095F69402854E5D300743A46 /* Project object */ = {
			isa = PBXProject;
			attributes = {
				BuildIndependentTargetsInParallel = 1;
				LastSwiftUpdateCheck = 1340;
				LastUpgradeCheck = 1340;
				TargetAttributes = {
					095F69472854E5D300743A46 = {
						CreatedOnToolsVersion = 13.4;
					};
					095F69572854E5D900743A46 = {
						CreatedOnToolsVersion = 13.4;
						TestTargetID = 095F69472854E5D300743A46;
					};
					095F69612854E5D900743A46 = {
						CreatedOnToolsVersion = 13.4;
						TestTargetID = 095F69472854E5D300743A46;
					};
				};
			};
			buildConfigurationList = 095F69432854E5D300743A46 /* Build configuration list for PBXProject "Reversi" */;
			compatibilityVersion = "Xcode 13.0";
			developmentRegion = en;
			hasScannedForEncodings = 0;
			knownRegions = (
				en,
				Base,
			);
			mainGroup = 095F693F2854E5D200743A46;
			packageReferences = (
				095F69832854F37A00743A46 /* XCRemoteSwiftPackageReference "swift-composable-architecture" */,
				095F69882855118300743A46 /* XCRemoteSwiftPackageReference "swifty-reversi" */,
			);
			productRefGroup = 095F69492854E5D300743A46 /* Products */;
			projectDirPath = "";
			projectRoot = "";
			targets = (
				095F69472854E5D300743A46 /* Reversi */,
				095F69572854E5D900743A46 /* ReversiTests */,
				095F69612854E5D900743A46 /* ReversiUITests */,
			);
		};
/* End PBXProject section */

/* Begin PBXResourcesBuildPhase section */
		095F69462854E5D300743A46 /* Resources */ = {
			isa = PBXResourcesBuildPhase;
			buildActionMask = 2147483647;
			files = (
				095F69532854E5D900743A46 /* Preview Assets.xcassets in Resources */,
				095F69502854E5D900743A46 /* Assets.xcassets in Resources */,
			);
			runOnlyForDeploymentPostprocessing = 0;
		};
		095F69562854E5D900743A46 /* Resources */ = {
			isa = PBXResourcesBuildPhase;
			buildActionMask = 2147483647;
			files = (
			);
			runOnlyForDeploymentPostprocessing = 0;
		};
		095F69602854E5D900743A46 /* Resources */ = {
			isa = PBXResourcesBuildPhase;
			buildActionMask = 2147483647;
			files = (
			);
			runOnlyForDeploymentPostprocessing = 0;
		};
/* End PBXResourcesBuildPhase section */

/* Begin PBXSourcesBuildPhase section */
		095F69442854E5D300743A46 /* Sources */ = {
			isa = PBXSourcesBuildPhase;
			buildActionMask = 2147483647;
			files = (
				095F694E2854E5D300743A46 /* ContentView.swift in Sources */,
				095F69802854F11100743A46 /* Game.swift in Sources */,
				095F698D285DA71B00743A46 /* Setting.swift in Sources */,
				095F69822854F13300743A46 /* GameView.swift in Sources */,
				095F694C2854E5D300743A46 /* ReversiApp.swift in Sources */,
			);
			runOnlyForDeploymentPostprocessing = 0;
		};
		095F69542854E5D900743A46 /* Sources */ = {
			isa = PBXSourcesBuildPhase;
			buildActionMask = 2147483647;
			files = (
				095F695D2854E5D900743A46 /* ReversiTests.swift in Sources */,
			);
			runOnlyForDeploymentPostprocessing = 0;
		};
		095F695E2854E5D900743A46 /* Sources */ = {
			isa = PBXSourcesBuildPhase;
			buildActionMask = 2147483647;
			files = (
				095F69672854E5D900743A46 /* ReversiUITests.swift in Sources */,
				095F69692854E5D900743A46 /* ReversiUITestsLaunchTests.swift in Sources */,
			);
			runOnlyForDeploymentPostprocessing = 0;
		};
/* End PBXSourcesBuildPhase section */

/* Begin PBXTargetDependency section */
		095F695A2854E5D900743A46 /* PBXTargetDependency */ = {
			isa = PBXTargetDependency;
			target = 095F69472854E5D300743A46 /* Reversi */;
			targetProxy = 095F69592854E5D900743A46 /* PBXContainerItemProxy */;
		};
		095F69642854E5D900743A46 /* PBXTargetDependency */ = {
			isa = PBXTargetDependency;
			target = 095F69472854E5D300743A46 /* Reversi */;
			targetProxy = 095F69632854E5D900743A46 /* PBXContainerItemProxy */;
		};
/* End PBXTargetDependency section */

/* Begin XCBuildConfiguration section */
		095F696A2854E5D900743A46 /* Debug */ = {
			isa = XCBuildConfiguration;
			buildSettings = {
				ALWAYS_SEARCH_USER_PATHS = NO;
				CLANG_ANALYZER_NONNULL = YES;
				CLANG_ANALYZER_NUMBER_OBJECT_CONVERSION = YES_AGGRESSIVE;
				CLANG_CXX_LANGUAGE_STANDARD = "gnu++17";
				CLANG_ENABLE_MODULES = YES;
				CLANG_ENABLE_OBJC_ARC = YES;
				CLANG_ENABLE_OBJC_WEAK = YES;
				CLANG_WARN_BLOCK_CAPTURE_AUTORELEASING = YES;
				CLANG_WARN_BOOL_CONVERSION = YES;
				CLANG_WARN_COMMA = YES;
				CLANG_WARN_CONSTANT_CONVERSION = YES;
				CLANG_WARN_DEPRECATED_OBJC_IMPLEMENTATIONS = YES;
				CLANG_WARN_DIRECT_OBJC_ISA_USAGE = YES_ERROR;
				CLANG_WARN_DOCUMENTATION_COMMENTS = YES;
				CLANG_WARN_EMPTY_BODY = YES;
				CLANG_WARN_ENUM_CONVERSION = YES;
				CLANG_WARN_INFINITE_RECURSION = YES;
				CLANG_WARN_INT_CONVERSION = YES;
				CLANG_WARN_NON_LITERAL_NULL_CONVERSION = YES;
				CLANG_WARN_OBJC_IMPLICIT_RETAIN_SELF = YES;
				CLANG_WARN_OBJC_LITERAL_CONVERSION = YES;
				CLANG_WARN_OBJC_ROOT_CLASS = YES_ERROR;
				CLANG_WARN_QUOTED_INCLUDE_IN_FRAMEWORK_HEADER = YES;
				CLANG_WARN_RANGE_LOOP_ANALYSIS = YES;
				CLANG_WARN_STRICT_PROTOTYPES = YES;
				CLANG_WARN_SUSPICIOUS_MOVE = YES;
				CLANG_WARN_UNGUARDED_AVAILABILITY = YES_AGGRESSIVE;
				CLANG_WARN_UNREACHABLE_CODE = YES;
				CLANG_WARN__DUPLICATE_METHOD_MATCH = YES;
				COPY_PHASE_STRIP = NO;
				DEBUG_INFORMATION_FORMAT = dwarf;
				ENABLE_STRICT_OBJC_MSGSEND = YES;
				ENABLE_TESTABILITY = YES;
				GCC_C_LANGUAGE_STANDARD = gnu11;
				GCC_DYNAMIC_NO_PIC = NO;
				GCC_NO_COMMON_BLOCKS = YES;
				GCC_OPTIMIZATION_LEVEL = 0;
				GCC_PREPROCESSOR_DEFINITIONS = (
					"DEBUG=1",
					"$(inherited)",
				);
				GCC_WARN_64_TO_32_BIT_CONVERSION = YES;
				GCC_WARN_ABOUT_RETURN_TYPE = YES_ERROR;
				GCC_WARN_UNDECLARED_SELECTOR = YES;
				GCC_WARN_UNINITIALIZED_AUTOS = YES_AGGRESSIVE;
				GCC_WARN_UNUSED_FUNCTION = YES;
				GCC_WARN_UNUSED_VARIABLE = YES;
				IPHONEOS_DEPLOYMENT_TARGET = 15.5;
				MTL_ENABLE_DEBUG_INFO = INCLUDE_SOURCE;
				MTL_FAST_MATH = YES;
				ONLY_ACTIVE_ARCH = YES;
				SDKROOT = iphoneos;
				SWIFT_ACTIVE_COMPILATION_CONDITIONS = DEBUG;
				SWIFT_OPTIMIZATION_LEVEL = "-Onone";
			};
			name = Debug;
		};
		095F696B2854E5D900743A46 /* Release */ = {
			isa = XCBuildConfiguration;
			buildSettings = {
				ALWAYS_SEARCH_USER_PATHS = NO;
				CLANG_ANALYZER_NONNULL = YES;
				CLANG_ANALYZER_NUMBER_OBJECT_CONVERSION = YES_AGGRESSIVE;
				CLANG_CXX_LANGUAGE_STANDARD = "gnu++17";
				CLANG_ENABLE_MODULES = YES;
				CLANG_ENABLE_OBJC_ARC = YES;
				CLANG_ENABLE_OBJC_WEAK = YES;
				CLANG_WARN_BLOCK_CAPTURE_AUTORELEASING = YES;
				CLANG_WARN_BOOL_CONVERSION = YES;
				CLANG_WARN_COMMA = YES;
				CLANG_WARN_CONSTANT_CONVERSION = YES;
				CLANG_WARN_DEPRECATED_OBJC_IMPLEMENTATIONS = YES;
				CLANG_WARN_DIRECT_OBJC_ISA_USAGE = YES_ERROR;
				CLANG_WARN_DOCUMENTATION_COMMENTS = YES;
				CLANG_WARN_EMPTY_BODY = YES;
				CLANG_WARN_ENUM_CONVERSION = YES;
				CLANG_WARN_INFINITE_RECURSION = YES;
				CLANG_WARN_INT_CONVERSION = YES;
				CLANG_WARN_NON_LITERAL_NULL_CONVERSION = YES;
				CLANG_WARN_OBJC_IMPLICIT_RETAIN_SELF = YES;
				CLANG_WARN_OBJC_LITERAL_CONVERSION = YES;
				CLANG_WARN_OBJC_ROOT_CLASS = YES_ERROR;
				CLANG_WARN_QUOTED_INCLUDE_IN_FRAMEWORK_HEADER = YES;
				CLANG_WARN_RANGE_LOOP_ANALYSIS = YES;
				CLANG_WARN_STRICT_PROTOTYPES = YES;
				CLANG_WARN_SUSPICIOUS_MOVE = YES;
				CLANG_WARN_UNGUARDED_AVAILABILITY = YES_AGGRESSIVE;
				CLANG_WARN_UNREACHABLE_CODE = YES;
				CLANG_WARN__DUPLICATE_METHOD_MATCH = YES;
				COPY_PHASE_STRIP = NO;
				DEBUG_INFORMATION_FORMAT = "dwarf-with-dsym";
				ENABLE_NS_ASSERTIONS = NO;
				ENABLE_STRICT_OBJC_MSGSEND = YES;
				GCC_C_LANGUAGE_STANDARD = gnu11;
				GCC_NO_COMMON_BLOCKS = YES;
				GCC_WARN_64_TO_32_BIT_CONVERSION = YES;
				GCC_WARN_ABOUT_RETURN_TYPE = YES_ERROR;
				GCC_WARN_UNDECLARED_SELECTOR = YES;
				GCC_WARN_UNINITIALIZED_AUTOS = YES_AGGRESSIVE;
				GCC_WARN_UNUSED_FUNCTION = YES;
				GCC_WARN_UNUSED_VARIABLE = YES;
				IPHONEOS_DEPLOYMENT_TARGET = 15.5;
				MTL_ENABLE_DEBUG_INFO = NO;
				MTL_FAST_MATH = YES;
				SDKROOT = iphoneos;
				SWIFT_COMPILATION_MODE = wholemodule;
				SWIFT_OPTIMIZATION_LEVEL = "-O";
				VALIDATE_PRODUCT = YES;
			};
			name = Release;
		};
		095F696D2854E5D900743A46 /* Debug */ = {
			isa = XCBuildConfiguration;
			buildSettings = {
				ASSETCATALOG_COMPILER_APPICON_NAME = AppIcon;
				ASSETCATALOG_COMPILER_GLOBAL_ACCENT_COLOR_NAME = AccentColor;
				CODE_SIGN_STYLE = Automatic;
				CURRENT_PROJECT_VERSION = 1;
				DEVELOPMENT_ASSET_PATHS = "\"Reversi/Preview Content\"";
				DEVELOPMENT_TEAM = 58F4SK879Y;
				ENABLE_PREVIEWS = YES;
				GENERATE_INFOPLIST_FILE = YES;
				INFOPLIST_KEY_UIApplicationSceneManifest_Generation = YES;
				INFOPLIST_KEY_UIApplicationSupportsIndirectInputEvents = YES;
				INFOPLIST_KEY_UILaunchScreen_Generation = YES;
				INFOPLIST_KEY_UISupportedInterfaceOrientations_iPad = "UIInterfaceOrientationPortrait UIInterfaceOrientationPortraitUpsideDown UIInterfaceOrientationLandscapeLeft UIInterfaceOrientationLandscapeRight";
				INFOPLIST_KEY_UISupportedInterfaceOrientations_iPhone = "UIInterfaceOrientationPortrait UIInterfaceOrientationLandscapeLeft UIInterfaceOrientationLandscapeRight";
				LD_RUNPATH_SEARCH_PATHS = (
					"$(inherited)",
					"@executable_path/Frameworks",
				);
				MARKETING_VERSION = 1.0;
				PRODUCT_BUNDLE_IDENTIFIER = terry.Reversi;
				PRODUCT_NAME = "$(TARGET_NAME)";
				SWIFT_EMIT_LOC_STRINGS = YES;
				SWIFT_VERSION = 5.0;
				TARGETED_DEVICE_FAMILY = "1,2";
			};
			name = Debug;
		};
		095F696E2854E5D900743A46 /* Release */ = {
			isa = XCBuildConfiguration;
			buildSettings = {
				ASSETCATALOG_COMPILER_APPICON_NAME = AppIcon;
				ASSETCATALOG_COMPILER_GLOBAL_ACCENT_COLOR_NAME = AccentColor;
				CODE_SIGN_STYLE = Automatic;
				CURRENT_PROJECT_VERSION = 1;
				DEVELOPMENT_ASSET_PATHS = "\"Reversi/Preview Content\"";
				DEVELOPMENT_TEAM = 58F4SK879Y;
				ENABLE_PREVIEWS = YES;
				GENERATE_INFOPLIST_FILE = YES;
				INFOPLIST_KEY_UIApplicationSceneManifest_Generation = YES;
				INFOPLIST_KEY_UIApplicationSupportsIndirectInputEvents = YES;
				INFOPLIST_KEY_UILaunchScreen_Generation = YES;
				INFOPLIST_KEY_UISupportedInterfaceOrientations_iPad = "UIInterfaceOrientationPortrait UIInterfaceOrientationPortraitUpsideDown UIInterfaceOrientationLandscapeLeft UIInterfaceOrientationLandscapeRight";
				INFOPLIST_KEY_UISupportedInterfaceOrientations_iPhone = "UIInterfaceOrientationPortrait UIInterfaceOrientationLandscapeLeft UIInterfaceOrientationLandscapeRight";
				LD_RUNPATH_SEARCH_PATHS = (
					"$(inherited)",
					"@executable_path/Frameworks",
				);
				MARKETING_VERSION = 1.0;
				PRODUCT_BUNDLE_IDENTIFIER = terry.Reversi;
				PRODUCT_NAME = "$(TARGET_NAME)";
				SWIFT_EMIT_LOC_STRINGS = YES;
				SWIFT_VERSION = 5.0;
				TARGETED_DEVICE_FAMILY = "1,2";
			};
			name = Release;
		};
		095F69702854E5D900743A46 /* Debug */ = {
			isa = XCBuildConfiguration;
			buildSettings = {
				ALWAYS_EMBED_SWIFT_STANDARD_LIBRARIES = YES;
				BUNDLE_LOADER = "$(TEST_HOST)";
				CODE_SIGN_STYLE = Automatic;
				CURRENT_PROJECT_VERSION = 1;
				DEVELOPMENT_TEAM = 58F4SK879Y;
				GENERATE_INFOPLIST_FILE = YES;
				IPHONEOS_DEPLOYMENT_TARGET = 15.5;
				MARKETING_VERSION = 1.0;
				PRODUCT_BUNDLE_IDENTIFIER = terry.ReversiTests;
				PRODUCT_NAME = "$(TARGET_NAME)";
				SWIFT_EMIT_LOC_STRINGS = NO;
				SWIFT_VERSION = 5.0;
				TARGETED_DEVICE_FAMILY = "1,2";
				TEST_HOST = "$(BUILT_PRODUCTS_DIR)/Reversi.app/Reversi";
			};
			name = Debug;
		};
		095F69712854E5D900743A46 /* Release */ = {
			isa = XCBuildConfiguration;
			buildSettings = {
				ALWAYS_EMBED_SWIFT_STANDARD_LIBRARIES = YES;
				BUNDLE_LOADER = "$(TEST_HOST)";
				CODE_SIGN_STYLE = Automatic;
				CURRENT_PROJECT_VERSION = 1;
				DEVELOPMENT_TEAM = 58F4SK879Y;
				GENERATE_INFOPLIST_FILE = YES;
				IPHONEOS_DEPLOYMENT_TARGET = 15.5;
				MARKETING_VERSION = 1.0;
				PRODUCT_BUNDLE_IDENTIFIER = terry.ReversiTests;
				PRODUCT_NAME = "$(TARGET_NAME)";
				SWIFT_EMIT_LOC_STRINGS = NO;
				SWIFT_VERSION = 5.0;
				TARGETED_DEVICE_FAMILY = "1,2";
				TEST_HOST = "$(BUILT_PRODUCTS_DIR)/Reversi.app/Reversi";
			};
			name = Release;
		};
		095F69732854E5D900743A46 /* Debug */ = {
			isa = XCBuildConfiguration;
			buildSettings = {
				ALWAYS_EMBED_SWIFT_STANDARD_LIBRARIES = YES;
				CODE_SIGN_STYLE = Automatic;
				CURRENT_PROJECT_VERSION = 1;
				DEVELOPMENT_TEAM = 58F4SK879Y;
				GENERATE_INFOPLIST_FILE = YES;
				MARKETING_VERSION = 1.0;
				PRODUCT_BUNDLE_IDENTIFIER = terry.ReversiUITests;
				PRODUCT_NAME = "$(TARGET_NAME)";
				SWIFT_EMIT_LOC_STRINGS = NO;
				SWIFT_VERSION = 5.0;
				TARGETED_DEVICE_FAMILY = "1,2";
				TEST_TARGET_NAME = Reversi;
			};
			name = Debug;
		};
		095F69742854E5D900743A46 /* Release */ = {
			isa = XCBuildConfiguration;
			buildSettings = {
				ALWAYS_EMBED_SWIFT_STANDARD_LIBRARIES = YES;
				CODE_SIGN_STYLE = Automatic;
				CURRENT_PROJECT_VERSION = 1;
				DEVELOPMENT_TEAM = 58F4SK879Y;
				GENERATE_INFOPLIST_FILE = YES;
				MARKETING_VERSION = 1.0;
				PRODUCT_BUNDLE_IDENTIFIER = terry.ReversiUITests;
				PRODUCT_NAME = "$(TARGET_NAME)";
				SWIFT_EMIT_LOC_STRINGS = NO;
				SWIFT_VERSION = 5.0;
				TARGETED_DEVICE_FAMILY = "1,2";
				TEST_TARGET_NAME = Reversi;
			};
			name = Release;
		};
/* End XCBuildConfiguration section */

/* Begin XCConfigurationList section */
		095F69432854E5D300743A46 /* Build configuration list for PBXProject "Reversi" */ = {
			isa = XCConfigurationList;
			buildConfigurations = (
				095F696A2854E5D900743A46 /* Debug */,
				095F696B2854E5D900743A46 /* Release */,
			);
			defaultConfigurationIsVisible = 0;
			defaultConfigurationName = Release;
		};
		095F696C2854E5D900743A46 /* Build configuration list for PBXNativeTarget "Reversi" */ = {
			isa = XCConfigurationList;
			buildConfigurations = (
				095F696D2854E5D900743A46 /* Debug */,
				095F696E2854E5D900743A46 /* Release */,
			);
			defaultConfigurationIsVisible = 0;
			defaultConfigurationName = Release;
		};
		095F696F2854E5D900743A46 /* Build configuration list for PBXNativeTarget "ReversiTests" */ = {
			isa = XCConfigurationList;
			buildConfigurations = (
				095F69702854E5D900743A46 /* Debug */,
				095F69712854E5D900743A46 /* Release */,
			);
			defaultConfigurationIsVisible = 0;
			defaultConfigurationName = Release;
		};
		095F69722854E5D900743A46 /* Build configuration list for PBXNativeTarget "ReversiUITests" */ = {
			isa = XCConfigurationList;
			buildConfigurations = (
				095F69732854E5D900743A46 /* Debug */,
				095F69742854E5D900743A46 /* Release */,
			);
			defaultConfigurationIsVisible = 0;
			defaultConfigurationName = Release;
		};
/* End XCConfigurationList section */

/* Begin XCRemoteSwiftPackageReference section */
		095F69832854F37A00743A46 /* XCRemoteSwiftPackageReference "swift-composable-architecture" */ = {
			isa = XCRemoteSwiftPackageReference;
			repositoryURL = "https://github.com/pointfreeco/swift-composable-architecture";
			requirement = {
				kind = upToNextMajorVersion;
				minimumVersion = 0.9.0;
			};
		};
		095F69882855118300743A46 /* XCRemoteSwiftPackageReference "swifty-reversi" */ = {
			isa = XCRemoteSwiftPackageReference;
			repositoryURL = "https://github.com/koher/swifty-reversi";
			requirement = {
				kind = upToNextMajorVersion;
				minimumVersion = 0.1.0;
			};
		};
/* End XCRemoteSwiftPackageReference section */

/* Begin XCSwiftPackageProductDependency section */
		095F69842854F37A00743A46 /* ComposableArchitecture */ = {
			isa = XCSwiftPackageProductDependency;
			package = 095F69832854F37A00743A46 /* XCRemoteSwiftPackageReference "swift-composable-architecture" */;
			productName = ComposableArchitecture;
		};
		095F69892855118300743A46 /* SwiftyReversi */ = {
			isa = XCSwiftPackageProductDependency;
			package = 095F69882855118300743A46 /* XCRemoteSwiftPackageReference "swifty-reversi" */;
			productName = SwiftyReversi;
		};
/* End XCSwiftPackageProductDependency section */
	};
	rootObject = 095F69402854E5D300743A46 /* Project object */;
}
